
Microsoft Visual Studio Solution File, Format Version 12.00
# Visual Studio Version 17
VisualStudioVersion = 17.0.31903.59
MinimumVisualStudioVersion = 10.0.40219.1
Project("{2150E333-8FDC-42A3-9474-1A3956D46DE8}") = "backend", "backend", "{1AE8ACA6-933B-BF2A-3671-3E2EAC007D16}"
EndProject
Project("{2150E333-8FDC-42A3-9474-1A3956D46DE8}") = "src", "src", "{0F9113EE-888A-26D2-68B0-4A7D0A2A8745}"
EndProject
Project("{FAE04EC0-301F-11D3-BF4B-00C04F79EFBC}") = "BuyApp.Domain", "backend\src\BuyApp.Domain\BuyApp.Domain.csproj", "{473E3529-0D30-4FC3-A227-4B0E54B8CF3A}"
EndProject
Project("{FAE04EC0-301F-11D3-BF4B-00C04F79EFBC}") = "BuyApp.Application", "backend\src\BuyApp.Application\BuyApp.Application.csproj", "{7F98AF3E-CEBE-4B43-8529-F3B3B48D2DFC}"
EndProject
Project("{FAE04EC0-301F-11D3-BF4B-00C04F79EFBC}") = "BuyApp.Infrastructure", "backend\src\BuyApp.Infrastructure\BuyApp.Infrastructure.csproj", "{41161B43-78FD-4308-8AFE-8A6432880267}"
EndProject
Project("{FAE04EC0-301F-11D3-BF4B-00C04F79EFBC}") = "BuyApp.Api", "backend\src\BuyApp.Api\BuyApp.Api.csproj", "{D47D02EB-BEB4-429E-87FA-4CA88BB2AC3B}"
EndProject
Project("{2150E333-8FDC-42A3-9474-1A3956D46DE8}") = "tests", "tests", "{F57642F3-C37C-D174-720E-6A6AAD5BEE22}"
EndProject
Project("{FAE04EC0-301F-11D3-BF4B-00C04F79EFBC}") = "BuyApp.Domain.UnitTests", "backend\tests\BuyApp.Domain.UnitTests\BuyApp.Domain.UnitTests.csproj", "{EC769FF7-0824-4A88-935F-AA0E3D774066}"
EndProject
Project("{FAE04EC0-301F-11D3-BF4B-00C04F79EFBC}") = "BuyApp.Api.IntegrationTests", "backend\tests\BuyApp.Api.IntegrationTests\BuyApp.Api.IntegrationTests.csproj", "{0AC70FAE-FA6C-4E69-8B07-6C186BB322E0}"
EndProject
Global
	GlobalSection(SolutionConfigurationPlatforms) = preSolution
		Debug|Any CPU = Debug|Any CPU
		Debug|x64 = Debug|x64
		Debug|x86 = Debug|x86
		Release|Any CPU = Release|Any CPU
		Release|x64 = Release|x64
		Release|x86 = Release|x86
	EndGlobalSection
	GlobalSection(ProjectConfigurationPlatforms) = postSolution
		{473E3529-0D30-4FC3-A227-4B0E54B8CF3A}.Debug|Any CPU.ActiveCfg = Debug|Any CPU
		{473E3529-0D30-4FC3-A227-4B0E54B8CF3A}.Debug|Any CPU.Build.0 = Debug|Any CPU
		{473E3529-0D30-4FC3-A227-4B0E54B8CF3A}.Debug|x64.ActiveCfg = Debug|Any CPU
		{473E3529-0D30-4FC3-A227-4B0E54B8CF3A}.Debug|x64.Build.0 = Debug|Any CPU
		{473E3529-0D30-4FC3-A227-4B0E54B8CF3A}.Debug|x86.ActiveCfg = Debug|Any CPU
		{473E3529-0D30-4FC3-A227-4B0E54B8CF3A}.Debug|x86.Build.0 = Debug|Any CPU
		{473E3529-0D30-4FC3-A227-4B0E54B8CF3A}.Release|Any CPU.ActiveCfg = Release|Any CPU
		{473E3529-0D30-4FC3-A227-4B0E54B8CF3A}.Release|Any CPU.Build.0 = Release|Any CPU
		{473E3529-0D30-4FC3-A227-4B0E54B8CF3A}.Release|x64.ActiveCfg = Release|Any CPU
		{473E3529-0D30-4FC3-A227-4B0E54B8CF3A}.Release|x64.Build.0 = Release|Any CPU
		{473E3529-0D30-4FC3-A227-4B0E54B8CF3A}.Release|x86.ActiveCfg = Release|Any CPU
		{473E3529-0D30-4FC3-A227-4B0E54B8CF3A}.Release|x86.Build.0 = Release|Any CPU
		{7F98AF3E-CEBE-4B43-8529-F3B3B48D2DFC}.Debug|Any CPU.ActiveCfg = Debug|Any CPU
		{7F98AF3E-CEBE-4B43-8529-F3B3B48D2DFC}.Debug|Any CPU.Build.0 = Debug|Any CPU
		{7F98AF3E-CEBE-4B43-8529-F3B3B48D2DFC}.Debug|x64.ActiveCfg = Debug|Any CPU
		{7F98AF3E-CEBE-4B43-8529-F3B3B48D2DFC}.Debug|x64.Build.0 = Debug|Any CPU
		{7F98AF3E-CEBE-4B43-8529-F3B3B48D2DFC}.Debug|x86.ActiveCfg = Debug|Any CPU
		{7F98AF3E-CEBE-4B43-8529-F3B3B48D2DFC}.Debug|x86.Build.0 = Debug|Any CPU
		{7F98AF3E-CEBE-4B43-8529-F3B3B48D2DFC}.Release|Any CPU.ActiveCfg = Release|Any CPU
		{7F98AF3E-CEBE-4B43-8529-F3B3B48D2DFC}.Release|Any CPU.Build.0 = Release|Any CPU
		{7F98AF3E-CEBE-4B43-8529-F3B3B48D2DFC}.Release|x64.ActiveCfg = Release|Any CPU
		{7F98AF3E-CEBE-4B43-8529-F3B3B48D2DFC}.Release|x64.Build.0 = Release|Any CPU
		{7F98AF3E-CEBE-4B43-8529-F3B3B48D2DFC}.Release|x86.ActiveCfg = Release|Any CPU
		{7F98AF3E-CEBE-4B43-8529-F3B3B48D2DFC}.Release|x86.Build.0 = Release|Any CPU
		{41161B43-78FD-4308-8AFE-8A6432880267}.Debug|Any CPU.ActiveCfg = Debug|Any CPU
		{41161B43-78FD-4308-8AFE-8A6432880267}.Debug|Any CPU.Build.0 = Debug|Any CPU
		{41161B43-78FD-4308-8AFE-8A6432880267}.Debug|x64.ActiveCfg = Debug|Any CPU
		{41161B43-78FD-4308-8AFE-8A6432880267}.Debug|x64.Build.0 = Debug|Any CPU
		{41161B43-78FD-4308-8AFE-8A6432880267}.Debug|x86.ActiveCfg = Debug|Any CPU
		{41161B43-78FD-4308-8AFE-8A6432880267}.Debug|x86.Build.0 = Debug|Any CPU
		{41161B43-78FD-4308-8AFE-8A6432880267}.Release|Any CPU.ActiveCfg = Release|Any CPU
		{41161B43-78FD-4308-8AFE-8A6432880267}.Release|Any CPU.Build.0 = Release|Any CPU
		{41161B43-78FD-4308-8AFE-8A6432880267}.Release|x64.ActiveCfg = Release|Any CPU
		{41161B43-78FD-4308-8AFE-8A6432880267}.Release|x64.Build.0 = Release|Any CPU
		{41161B43-78FD-4308-8AFE-8A6432880267}.Release|x86.ActiveCfg = Release|Any CPU
		{41161B43-78FD-4308-8AFE-8A6432880267}.Release|x86.Build.0 = Release|Any CPU
		{D47D02EB-BEB4-429E-87FA-4CA88BB2AC3B}.Debug|Any CPU.ActiveCfg = Debug|Any CPU
		{D47D02EB-BEB4-429E-87FA-4CA88BB2AC3B}.Debug|Any CPU.Build.0 = Debug|Any CPU
		{D47D02EB-BEB4-429E-87FA-4CA88BB2AC3B}.Debug|x64.ActiveCfg = Debug|Any CPU
		{D47D02EB-BEB4-429E-87FA-4CA88BB2AC3B}.Debug|x64.Build.0 = Debug|Any CPU
		{D47D02EB-BEB4-429E-87FA-4CA88BB2AC3B}.Debug|x86.ActiveCfg = Debug|Any CPU
		{D47D02EB-BEB4-429E-87FA-4CA88BB2AC3B}.Debug|x86.Build.0 = Debug|Any CPU
		{D47D02EB-BEB4-429E-87FA-4CA88BB2AC3B}.Release|Any CPU.ActiveCfg = Release|Any CPU
		{D47D02EB-BEB4-429E-87FA-4CA88BB2AC3B}.Release|Any CPU.Build.0 = Release|Any CPU
		{D47D02EB-BEB4-429E-87FA-4CA88BB2AC3B}.Release|x64.ActiveCfg = Release|Any CPU
		{D47D02EB-BEB4-429E-87FA-4CA88BB2AC3B}.Release|x64.Build.0 = Release|Any CPU
		{D47D02EB-BEB4-429E-87FA-4CA88BB2AC3B}.Release|x86.ActiveCfg = Release|Any CPU
		{D47D02EB-BEB4-429E-87FA-4CA88BB2AC3B}.Release|x86.Build.0 = Release|Any CPU
		{EC769FF7-0824-4A88-935F-AA0E3D774066}.Debug|Any CPU.ActiveCfg = Debug|Any CPU
		{EC769FF7-0824-4A88-935F-AA0E3D774066}.Debug|Any CPU.Build.0 = Debug|Any CPU
		{EC769FF7-0824-4A88-935F-AA0E3D774066}.Debug|x64.ActiveCfg = Debug|Any CPU
		{EC769FF7-0824-4A88-935F-AA0E3D774066}.Debug|x64.Build.0 = Debug|Any CPU
		{EC769FF7-0824-4A88-935F-AA0E3D774066}.Debug|x86.ActiveCfg = Debug|Any CPU
		{EC769FF7-0824-4A88-935F-AA0E3D774066}.Debug|x86.Build.0 = Debug|Any CPU
		{EC769FF7-0824-4A88-935F-AA0E3D774066}.Release|Any CPU.ActiveCfg = Release|Any CPU
		{EC769FF7-0824-4A88-935F-AA0E3D774066}.Release|Any CPU.Build.0 = Release|Any CPU
		{EC769FF7-0824-4A88-935F-AA0E3D774066}.Release|x64.ActiveCfg = Release|Any CPU
		{EC769FF7-0824-4A88-935F-AA0E3D774066}.Release|x64.Build.0 = Release|Any CPU
		{EC769FF7-0824-4A88-935F-AA0E3D774066}.Release|x86.ActiveCfg = Release|Any CPU
		{EC769FF7-0824-4A88-935F-AA0E3D774066}.Release|x86.Build.0 = Release|Any CPU
		{0AC70FAE-FA6C-4E69-8B07-6C186BB322E0}.Debug|Any CPU.ActiveCfg = Debug|Any CPU
		{0AC70FAE-FA6C-4E69-8B07-6C186BB322E0}.Debug|Any CPU.Build.0 = Debug|Any CPU
		{0AC70FAE-FA6C-4E69-8B07-6C186BB322E0}.Debug|x64.ActiveCfg = Debug|Any CPU
		{0AC70FAE-FA6C-4E69-8B07-6C186BB322E0}.Debug|x64.Build.0 = Debug|Any CPU
		{0AC70FAE-FA6C-4E69-8B07-6C186BB322E0}.Debug|x86.ActiveCfg = Debug|Any CPU
		{0AC70FAE-FA6C-4E69-8B07-6C186BB322E0}.Debug|x86.Build.0 = Debug|Any CPU
		{0AC70FAE-FA6C-4E69-8B07-6C186BB322E0}.Release|Any CPU.ActiveCfg = Release|Any CPU
		{0AC70FAE-FA6C-4E69-8B07-6C186BB322E0}.Release|Any CPU.Build.0 = Release|Any CPU
		{0AC70FAE-FA6C-4E69-8B07-6C186BB322E0}.Release|x64.ActiveCfg = Release|Any CPU
		{0AC70FAE-FA6C-4E69-8B07-6C186BB322E0}.Release|x64.Build.0 = Release|Any CPU
		{0AC70FAE-FA6C-4E69-8B07-6C186BB322E0}.Release|x86.ActiveCfg = Release|Any CPU
		{0AC70FAE-FA6C-4E69-8B07-6C186BB322E0}.Release|x86.Build.0 = Release|Any CPU
	EndGlobalSection
	GlobalSection(SolutionProperties) = preSolution
		HideSolutionNode = FALSE
	EndGlobalSection
	GlobalSection(NestedProjects) = preSolution
		{0F9113EE-888A-26D2-68B0-4A7D0A2A8745} = {1AE8ACA6-933B-BF2A-3671-3E2EAC007D16}
		{473E3529-0D30-4FC3-A227-4B0E54B8CF3A} = {0F9113EE-888A-26D2-68B0-4A7D0A2A8745}
		{7F98AF3E-CEBE-4B43-8529-F3B3B48D2DFC} = {0F9113EE-888A-26D2-68B0-4A7D0A2A8745}
		{41161B43-78FD-4308-8AFE-8A6432880267} = {0F9113EE-888A-26D2-68B0-4A7D0A2A8745}
		{D47D02EB-BEB4-429E-87FA-4CA88BB2AC3B} = {0F9113EE-888A-26D2-68B0-4A7D0A2A8745}
		{F57642F3-C37C-D174-720E-6A6AAD5BEE22} = {1AE8ACA6-933B-BF2A-3671-3E2EAC007D16}
		{EC769FF7-0824-4A88-935F-AA0E3D774066} = {F57642F3-C37C-D174-720E-6A6AAD5BEE22}
		{0AC70FAE-FA6C-4E69-8B07-6C186BB322E0} = {F57642F3-C37C-D174-720E-6A6AAD5BEE22}
	EndGlobalSection
EndGlobal
